// !$*UTF8*$!
{
	archiveVersion = 1;
	classes = {
	};
	objectVersion = 50;
	objects = {

/* Begin PBXBuildFile section */
		8902BA5D256A887100F9B636 /* Keyblade Wielder.swift in Sources */ = {isa = PBXBuildFile; fileRef = 8902BA5C256A887100F9B636 /* Keyblade Wielder.swift */; };
		8902BA60256A888400F9B636 /* Royal Sorcecer.swift in Sources */ = {isa = PBXBuildFile; fileRef = 8902BA5F256A888400F9B636 /* Royal Sorcecer.swift */; };
		8902BA63256A888F00F9B636 /* Royal Defender.swift in Sources */ = {isa = PBXBuildFile; fileRef = 8902BA62256A888F00F9B636 /* Royal Defender.swift */; };
		8902BA67256A8BFF00F9B636 /* Keyblade.swift in Sources */ = {isa = PBXBuildFile; fileRef = 8902BA66256A8BFF00F9B636 /* Keyblade.swift */; };
		8902BA6A256A8CE100F9B636 /* Wand.swift in Sources */ = {isa = PBXBuildFile; fileRef = 8902BA69256A8CE100F9B636 /* Wand.swift */; };
		8902BA6D256A8D4A00F9B636 /* Shield.swift in Sources */ = {isa = PBXBuildFile; fileRef = 8902BA6C256A8D4A00F9B636 /* Shield.swift */; };
		8902BA77256A91EA00F9B636 /* Monster.swift in Sources */ = {isa = PBXBuildFile; fileRef = 8902BA76256A91EA00F9B636 /* Monster.swift */; };
		8902BA7A256A92DE00F9B636 /* Physical Attack.swift in Sources */ = {isa = PBXBuildFile; fileRef = 8902BA79256A92DE00F9B636 /* Physical Attack.swift */; };
		8914269B259E725E006435C6 /* Game+Glossary.swift in Sources */ = {isa = PBXBuildFile; fileRef = 8914269A259E725E006435C6 /* Game+Glossary.swift */; };
		8914269F259E7A82006435C6 /* Character+IsDead.swift in Sources */ = {isa = PBXBuildFile; fileRef = 8914269E259E7A82006435C6 /* Character+IsDead.swift */; };
		891426A2259E7A99006435C6 /* Character+Attack.swift in Sources */ = {isa = PBXBuildFile; fileRef = 891426A1259E7A99006435C6 /* Character+Attack.swift */; };
		891426A5259E7AB5006435C6 /* Character+Healing.swift in Sources */ = {isa = PBXBuildFile; fileRef = 891426A4259E7AB5006435C6 /* Character+Healing.swift */; };
		8914D766256684C0008FA81A /* main.swift in Sources */ = {isa = PBXBuildFile; fileRef = 8914D765256684C0008FA81A /* main.swift */; };
		8914D76E2566871A008FA81A /* Character.swift in Sources */ = {isa = PBXBuildFile; fileRef = 8914D76D2566871A008FA81A /* Character.swift */; };
		8914D77525668EF0008FA81A /* Weapon.swift in Sources */ = {isa = PBXBuildFile; fileRef = 8914D77425668EF0008FA81A /* Weapon.swift */; };
		8916829C25A08FAB00C98302 /* Game+EndGame.swift in Sources */ = {isa = PBXBuildFile; fileRef = 8916829B25A08FAB00C98302 /* Game+EndGame.swift */; };
		891F4654256EA348000A6A1E /* Game+Lore.swift in Sources */ = {isa = PBXBuildFile; fileRef = 891F4653256EA348000A6A1E /* Game+Lore.swift */; };
		891F4658256EAB90000A6A1E /* Game+ScreenTitle.swift in Sources */ = {isa = PBXBuildFile; fileRef = 891F4657256EAB90000A6A1E /* Game+ScreenTitle.swift */; };
		891F465B256EABF5000A6A1E /* Game+SelectingMenu.swift in Sources */ = {isa = PBXBuildFile; fileRef = 891F465A256EABF5000A6A1E /* Game+SelectingMenu.swift */; };
		891F465E256EAC94000A6A1E /* Game+Rules.swift in Sources */ = {isa = PBXBuildFile; fileRef = 891F465D256EAC94000A6A1E /* Game+Rules.swift */; };
		891F4662256EAE19000A6A1E /* Game+Play.swift in Sources */ = {isa = PBXBuildFile; fileRef = 891F4661256EAE19000A6A1E /* Game+Play.swift */; };
		89B332BD25673D7200681BDF /* Game.swift in Sources */ = {isa = PBXBuildFile; fileRef = 89B332BC25673D7200681BDF /* Game.swift */; };
		89B332C025673D8E00681BDF /* Player.swift in Sources */ = {isa = PBXBuildFile; fileRef = 89B332BF25673D8E00681BDF /* Player.swift */; };
		89D1375F259264870087B491 /* Player+CreateTeam.swift in Sources */ = {isa = PBXBuildFile; fileRef = 89D1375E259264870087B491 /* Player+CreateTeam.swift */; };
		89D13764259C9CCB0087B491 /* Player+SelectedCharacter.swift in Sources */ = {isa = PBXBuildFile; fileRef = 89D13763259C9CCB0087B491 /* Player+SelectedCharacter.swift */; };
		89D13767259C9D020087B491 /* Player+Fight.swift in Sources */ = {isa = PBXBuildFile; fileRef = 89D13766259C9D020087B491 /* Player+Fight.swift */; };
		89D1376A259C9D290087B491 /* Player+SelectedTarget.swift in Sources */ = {isa = PBXBuildFile; fileRef = 89D13769259C9D290087B491 /* Player+SelectedTarget.swift */; };
		89D1376D259C9D490087B491 /* Player+HasLoose.swift in Sources */ = {isa = PBXBuildFile; fileRef = 89D1376C259C9D490087B491 /* Player+HasLoose.swift */; };
		89D13770259C9D620087B491 /* Player+CreateNameOfTheTeam.swift in Sources */ = {isa = PBXBuildFile; fileRef = 89D1376F259C9D620087B491 /* Player+CreateNameOfTheTeam.swift */; };
		89D13773259C9D930087B491 /* Player+CreateCharacter.swift in Sources */ = {isa = PBXBuildFile; fileRef = 89D13772259C9D930087B491 /* Player+CreateCharacter.swift */; };
		89F9CCFD2570250000ECBF26 /* Statistic.swift in Sources */ = {isa = PBXBuildFile; fileRef = 89F9CCFC2570250000ECBF26 /* Statistic.swift */; };
		89FBC03D256AA7C600CA4097 /* Game+StartingGame.swift in Sources */ = {isa = PBXBuildFile; fileRef = 89FBC03C256AA7C600CA4097 /* Game+StartingGame.swift */; };
		89FBC041256B155A00CA4097 /* Treasure.swift in Sources */ = {isa = PBXBuildFile; fileRef = 89FBC040256B155A00CA4097 /* Treasure.swift */; };
/* End PBXBuildFile section */

/* Begin PBXCopyFilesBuildPhase section */
		8914D760256684C0008FA81A /* CopyFiles */ = {
			isa = PBXCopyFilesBuildPhase;
			buildActionMask = 2147483647;
			dstPath = /usr/share/man/man1/;
			dstSubfolderSpec = 0;
			files = (
			);
			runOnlyForDeploymentPostprocessing = 1;
		};
/* End PBXCopyFilesBuildPhase section */

/* Begin PBXFileReference section */
		8902BA5C256A887100F9B636 /* Keyblade Wielder.swift */ = {isa = PBXFileReference; lastKnownFileType = sourcecode.swift; path = "Keyblade Wielder.swift"; sourceTree = "<group>"; };
		8902BA5F256A888400F9B636 /* Royal Sorcecer.swift */ = {isa = PBXFileReference; lastKnownFileType = sourcecode.swift; path = "Royal Sorcecer.swift"; sourceTree = "<group>"; };
		8902BA62256A888F00F9B636 /* Royal Defender.swift */ = {isa = PBXFileReference; lastKnownFileType = sourcecode.swift; path = "Royal Defender.swift"; sourceTree = "<group>"; };
		8902BA66256A8BFF00F9B636 /* Keyblade.swift */ = {isa = PBXFileReference; lastKnownFileType = sourcecode.swift; path = Keyblade.swift; sourceTree = "<group>"; };
		8902BA69256A8CE100F9B636 /* Wand.swift */ = {isa = PBXFileReference; lastKnownFileType = sourcecode.swift; path = Wand.swift; sourceTree = "<group>"; };
		8902BA6C256A8D4A00F9B636 /* Shield.swift */ = {isa = PBXFileReference; lastKnownFileType = sourcecode.swift; path = Shield.swift; sourceTree = "<group>"; };
		8902BA76256A91EA00F9B636 /* Monster.swift */ = {isa = PBXFileReference; lastKnownFileType = sourcecode.swift; path = Monster.swift; sourceTree = "<group>"; };
		8902BA79256A92DE00F9B636 /* Physical Attack.swift */ = {isa = PBXFileReference; lastKnownFileType = sourcecode.swift; path = "Physical Attack.swift"; sourceTree = "<group>"; };
		8914269A259E725E006435C6 /* Game+Glossary.swift */ = {isa = PBXFileReference; lastKnownFileType = sourcecode.swift; path = "Game+Glossary.swift"; sourceTree = "<group>"; };
		8914269E259E7A82006435C6 /* Character+IsDead.swift */ = {isa = PBXFileReference; lastKnownFileType = sourcecode.swift; path = "Character+IsDead.swift"; sourceTree = "<group>"; };
		891426A1259E7A99006435C6 /* Character+Attack.swift */ = {isa = PBXFileReference; lastKnownFileType = sourcecode.swift; path = "Character+Attack.swift"; sourceTree = "<group>"; };
		891426A4259E7AB5006435C6 /* Character+Healing.swift */ = {isa = PBXFileReference; lastKnownFileType = sourcecode.swift; path = "Character+Healing.swift"; sourceTree = "<group>"; };
		8914D762256684C0008FA81A /* Projet P3 */ = {isa = PBXFileReference; explicitFileType = "compiled.mach-o.executable"; includeInIndex = 0; path = "Projet P3"; sourceTree = BUILT_PRODUCTS_DIR; };
		8914D765256684C0008FA81A /* main.swift */ = {isa = PBXFileReference; lastKnownFileType = sourcecode.swift; path = main.swift; sourceTree = "<group>"; };
		8914D76D2566871A008FA81A /* Character.swift */ = {isa = PBXFileReference; lastKnownFileType = sourcecode.swift; path = Character.swift; sourceTree = "<group>"; };
		8914D77425668EF0008FA81A /* Weapon.swift */ = {isa = PBXFileReference; lastKnownFileType = sourcecode.swift; path = Weapon.swift; sourceTree = "<group>"; };
		8916829B25A08FAB00C98302 /* Game+EndGame.swift */ = {isa = PBXFileReference; lastKnownFileType = sourcecode.swift; path = "Game+EndGame.swift"; sourceTree = "<group>"; };
		891F4653256EA348000A6A1E /* Game+Lore.swift */ = {isa = PBXFileReference; lastKnownFileType = sourcecode.swift; path = "Game+Lore.swift"; sourceTree = "<group>"; };
		891F4657256EAB90000A6A1E /* Game+ScreenTitle.swift */ = {isa = PBXFileReference; lastKnownFileType = sourcecode.swift; path = "Game+ScreenTitle.swift"; sourceTree = "<group>"; };
		891F465A256EABF5000A6A1E /* Game+SelectingMenu.swift */ = {isa = PBXFileReference; lastKnownFileType = sourcecode.swift; path = "Game+SelectingMenu.swift"; sourceTree = "<group>"; };
		891F465D256EAC94000A6A1E /* Game+Rules.swift */ = {isa = PBXFileReference; lastKnownFileType = sourcecode.swift; path = "Game+Rules.swift"; sourceTree = "<group>"; };
		891F4661256EAE19000A6A1E /* Game+Play.swift */ = {isa = PBXFileReference; lastKnownFileType = sourcecode.swift; path = "Game+Play.swift"; sourceTree = "<group>"; };
		89B332BC25673D7200681BDF /* Game.swift */ = {isa = PBXFileReference; lastKnownFileType = sourcecode.swift; path = Game.swift; sourceTree = "<group>"; xcLanguageSpecificationIdentifier = xcode.lang.swift; };
		89B332BF25673D8E00681BDF /* Player.swift */ = {isa = PBXFileReference; lastKnownFileType = sourcecode.swift; path = Player.swift; sourceTree = "<group>"; };
		89D1375E259264870087B491 /* Player+CreateTeam.swift */ = {isa = PBXFileReference; lastKnownFileType = sourcecode.swift; path = "Player+CreateTeam.swift"; sourceTree = "<group>"; };
		89D13763259C9CCB0087B491 /* Player+SelectedCharacter.swift */ = {isa = PBXFileReference; lastKnownFileType = sourcecode.swift; path = "Player+SelectedCharacter.swift"; sourceTree = "<group>"; };
		89D13766259C9D020087B491 /* Player+Fight.swift */ = {isa = PBXFileReference; lastKnownFileType = sourcecode.swift; path = "Player+Fight.swift"; sourceTree = "<group>"; };
		89D13769259C9D290087B491 /* Player+SelectedTarget.swift */ = {isa = PBXFileReference; lastKnownFileType = sourcecode.swift; path = "Player+SelectedTarget.swift"; sourceTree = "<group>"; };
		89D1376C259C9D490087B491 /* Player+HasLoose.swift */ = {isa = PBXFileReference; lastKnownFileType = sourcecode.swift; path = "Player+HasLoose.swift"; sourceTree = "<group>"; };
		89D1376F259C9D620087B491 /* Player+CreateNameOfTheTeam.swift */ = {isa = PBXFileReference; lastKnownFileType = sourcecode.swift; path = "Player+CreateNameOfTheTeam.swift"; sourceTree = "<group>"; };
		89D13772259C9D930087B491 /* Player+CreateCharacter.swift */ = {isa = PBXFileReference; lastKnownFileType = sourcecode.swift; path = "Player+CreateCharacter.swift"; sourceTree = "<group>"; };
		89F9CCFC2570250000ECBF26 /* Statistic.swift */ = {isa = PBXFileReference; lastKnownFileType = sourcecode.swift; path = Statistic.swift; sourceTree = "<group>"; };
		89FBC03C256AA7C600CA4097 /* Game+StartingGame.swift */ = {isa = PBXFileReference; lastKnownFileType = sourcecode.swift; path = "Game+StartingGame.swift"; sourceTree = "<group>"; };
		89FBC040256B155A00CA4097 /* Treasure.swift */ = {isa = PBXFileReference; lastKnownFileType = sourcecode.swift; path = Treasure.swift; sourceTree = "<group>"; };
/* End PBXFileReference section */

/* Begin PBXFrameworksBuildPhase section */
		8914D75F256684C0008FA81A /* Frameworks */ = {
			isa = PBXFrameworksBuildPhase;
			buildActionMask = 2147483647;
			files = (
			);
			runOnlyForDeploymentPostprocessing = 0;
		};
/* End PBXFrameworksBuildPhase section */

/* Begin PBXGroup section */
		8902BA59256A87D100F9B636 /* Weapons */ = {
			isa = PBXGroup;
			children = (
				8914D77425668EF0008FA81A /* Weapon.swift */,
				8902BA66256A8BFF00F9B636 /* Keyblade.swift */,
				8902BA69256A8CE100F9B636 /* Wand.swift */,
				8902BA6C256A8D4A00F9B636 /* Shield.swift */,
				8902BA79256A92DE00F9B636 /* Physical Attack.swift */,
			);
			path = Weapons;
			sourceTree = "<group>";
		};
		8902BA5A256A87E000F9B636 /* Characters */ = {
			isa = PBXGroup;
			children = (
				8914D76D2566871A008FA81A /* Character.swift */,
				8914269E259E7A82006435C6 /* Character+IsDead.swift */,
				891426A1259E7A99006435C6 /* Character+Attack.swift */,
				891426A4259E7AB5006435C6 /* Character+Healing.swift */,
				8902BA5C256A887100F9B636 /* Keyblade Wielder.swift */,
				8902BA5F256A888400F9B636 /* Royal Sorcecer.swift */,
				8902BA62256A888F00F9B636 /* Royal Defender.swift */,
				8902BA76256A91EA00F9B636 /* Monster.swift */,
			);
			path = Characters;
			sourceTree = "<group>";
		};
		8914D759256684C0008FA81A = {
			isa = PBXGroup;
			children = (
				8914D764256684C0008FA81A /* Projet P3 */,
			);
			sourceTree = "<group>";
		};
		8914D763256684C0008FA81A /* Products */ = {
			isa = PBXGroup;
			children = (
				8914D762256684C0008FA81A /* Projet P3 */,
			);
			name = Products;
			path = ..;
			sourceTree = "<group>";
		};
		8914D764256684C0008FA81A /* Projet P3 */ = {
			isa = PBXGroup;
			children = (
				8914D765256684C0008FA81A /* main.swift */,
				891F4656256EA46B000A6A1E /* Game */,
				89D1B64E257EE87600B13C14 /* Player */,
				8902BA5A256A87E000F9B636 /* Characters */,
				8902BA59256A87D100F9B636 /* Weapons */,
				898C814A259FA8C00043B18B /* Treasure */,
				8914D763256684C0008FA81A /* Products */,
			);
			path = "Projet P3";
			sourceTree = "<group>";
		};
		891F4656256EA46B000A6A1E /* Game */ = {
			isa = PBXGroup;
			children = (
				89B332BC25673D7200681BDF /* Game.swift */,
				891F4657256EAB90000A6A1E /* Game+ScreenTitle.swift */,
				891F465A256EABF5000A6A1E /* Game+SelectingMenu.swift */,
				89FBC03C256AA7C600CA4097 /* Game+StartingGame.swift */,
				891F4661256EAE19000A6A1E /* Game+Play.swift */,
				891F465D256EAC94000A6A1E /* Game+Rules.swift */,
				891F4653256EA348000A6A1E /* Game+Lore.swift */,
				8914269A259E725E006435C6 /* Game+Glossary.swift */,
				8916829B25A08FAB00C98302 /* Game+EndGame.swift */,
				89F9CCFC2570250000ECBF26 /* Statistic.swift */,
			);
			path = Game;
			sourceTree = "<group>";
		};
		898C814A259FA8C00043B18B /* Treasure */ = {
			isa = PBXGroup;
			children = (
				89FBC040256B155A00CA4097 /* Treasure.swift */,
			);
			path = Treasure;
			sourceTree = "<group>";
		};
		89D1B64E257EE87600B13C14 /* Player */ = {
			isa = PBXGroup;
			children = (
				89B332BF25673D8E00681BDF /* Player.swift */,
				89D1375E259264870087B491 /* Player+CreateTeam.swift */,
				89D1376F259C9D620087B491 /* Player+CreateNameOfTheTeam.swift */,
				89D13772259C9D930087B491 /* Player+CreateCharacter.swift */,
				89D13763259C9CCB0087B491 /* Player+SelectedCharacter.swift */,
				89D13769259C9D290087B491 /* Player+SelectedTarget.swift */,
				89D13766259C9D020087B491 /* Player+Fight.swift */,
				89D1376C259C9D490087B491 /* Player+HasLoose.swift */,
			);
			path = Player;
			sourceTree = "<group>";
		};
/* End PBXGroup section */

/* Begin PBXNativeTarget section */
		8914D761256684C0008FA81A /* Projet P3 */ = {
			isa = PBXNativeTarget;
			buildConfigurationList = 8914D769256684C0008FA81A /* Build configuration list for PBXNativeTarget "Projet P3" */;
			buildPhases = (
				8914D75E256684C0008FA81A /* Sources */,
				8914D75F256684C0008FA81A /* Frameworks */,
				8914D760256684C0008FA81A /* CopyFiles */,
			);
			buildRules = (
			);
			dependencies = (
			);
			name = "Projet P3";
			productName = "Projet P3";
			productReference = 8914D762256684C0008FA81A /* Projet P3 */;
			productType = "com.apple.product-type.tool";
		};
/* End PBXNativeTarget section */

/* Begin PBXProject section */
		8914D75A256684C0008FA81A /* Project object */ = {
			isa = PBXProject;
			attributes = {
				LastSwiftUpdateCheck = 1210;
				LastUpgradeCheck = 1210;
				TargetAttributes = {
					8914D761256684C0008FA81A = {
						CreatedOnToolsVersion = 12.1;
					};
				};
			};
			buildConfigurationList = 8914D75D256684C0008FA81A /* Build configuration list for PBXProject "Projet P3" */;
			compatibilityVersion = "Xcode 9.3";
			developmentRegion = en;
			hasScannedForEncodings = 0;
			knownRegions = (
				en,
				Base,
			);
			mainGroup = 8914D759256684C0008FA81A;
			productRefGroup = 8914D763256684C0008FA81A /* Products */;
			projectDirPath = "";
			projectRoot = "";
			targets = (
				8914D761256684C0008FA81A /* Projet P3 */,
			);
		};
/* End PBXProject section */

/* Begin PBXSourcesBuildPhase section */
		8914D75E256684C0008FA81A /* Sources */ = {
			isa = PBXSourcesBuildPhase;
			buildActionMask = 2147483647;
			files = (
				89D13773259C9D930087B491 /* Player+CreateCharacter.swift in Sources */,
				8916829C25A08FAB00C98302 /* Game+EndGame.swift in Sources */,
				8914D766256684C0008FA81A /* main.swift in Sources */,
				891426A5259E7AB5006435C6 /* Character+Healing.swift in Sources */,
				89F9CCFD2570250000ECBF26 /* Statistic.swift in Sources */,
				8914269F259E7A82006435C6 /* Character+IsDead.swift in Sources */,
				8902BA6A256A8CE100F9B636 /* Wand.swift in Sources */,
				89D13770259C9D620087B491 /* Player+CreateNameOfTheTeam.swift in Sources */,
				8902BA63256A888F00F9B636 /* Royal Defender.swift in Sources */,
				8902BA60256A888400F9B636 /* Royal Sorcecer.swift in Sources */,
				891426A2259E7A99006435C6 /* Character+Attack.swift in Sources */,
				891F4654256EA348000A6A1E /* Game+Lore.swift in Sources */,
				8902BA67256A8BFF00F9B636 /* Keyblade.swift in Sources */,
				89D1376A259C9D290087B491 /* Player+SelectedTarget.swift in Sources */,
				89B332BD25673D7200681BDF /* Game.swift in Sources */,
				8914D76E2566871A008FA81A /* Character.swift in Sources */,
				891F4662256EAE19000A6A1E /* Game+Play.swift in Sources */,
				8914D77525668EF0008FA81A /* Weapon.swift in Sources */,
				89FBC041256B155A00CA4097 /* Treasure.swift in Sources */,
				891F465E256EAC94000A6A1E /* Game+Rules.swift in Sources */,
				89B332C025673D8E00681BDF /* Player.swift in Sources */,
				89D1375F259264870087B491 /* Player+CreateTeam.swift in Sources */,
				89D1376D259C9D490087B491 /* Player+HasLoose.swift in Sources */,
				8902BA6D256A8D4A00F9B636 /* Shield.swift in Sources */,
				89FBC03D256AA7C600CA4097 /* Game+StartingGame.swift in Sources */,
				891F4658256EAB90000A6A1E /* Game+ScreenTitle.swift in Sources */,
				8902BA5D256A887100F9B636 /* Keyblade Wielder.swift in Sources */,
				8914269B259E725E006435C6 /* Game+Glossary.swift in Sources */,
				8902BA7A256A92DE00F9B636 /* Physical Attack.swift in Sources */,
				89D13764259C9CCB0087B491 /* Player+SelectedCharacter.swift in Sources */,
				8902BA77256A91EA00F9B636 /* Monster.swift in Sources */,
				891F465B256EABF5000A6A1E /* Game+SelectingMenu.swift in Sources */,
				89D13767259C9D020087B491 /* Player+Fight.swift in Sources */,
			);
			runOnlyForDeploymentPostprocessing = 0;
		};
/* End PBXSourcesBuildPhase section */

/* Begin XCBuildConfiguration section */
		8914D767256684C0008FA81A /* Debug */ = {
			isa = XCBuildConfiguration;
			buildSettings = {
				ALWAYS_SEARCH_USER_PATHS = NO;
				CLANG_ANALYZER_NONNULL = YES;
				CLANG_ANALYZER_NUMBER_OBJECT_CONVERSION = YES_AGGRESSIVE;
				CLANG_CXX_LANGUAGE_STANDARD = "gnu++14";
				CLANG_CXX_LIBRARY = "libc++";
				CLANG_ENABLE_MODULES = YES;
				CLANG_ENABLE_OBJC_ARC = YES;
				CLANG_ENABLE_OBJC_WEAK = YES;
				CLANG_WARN_BLOCK_CAPTURE_AUTORELEASING = YES;
				CLANG_WARN_BOOL_CONVERSION = YES;
				CLANG_WARN_COMMA = YES;
				CLANG_WARN_CONSTANT_CONVERSION = YES;
				CLANG_WARN_DEPRECATED_OBJC_IMPLEMENTATIONS = YES;
				CLANG_WARN_DIRECT_OBJC_ISA_USAGE = YES_ERROR;
				CLANG_WARN_DOCUMENTATION_COMMENTS = YES;
				CLANG_WARN_EMPTY_BODY = YES;
				CLANG_WARN_ENUM_CONVERSION = YES;
				CLANG_WARN_INFINITE_RECURSION = YES;
				CLANG_WARN_INT_CONVERSION = YES;
				CLANG_WARN_NON_LITERAL_NULL_CONVERSION = YES;
				CLANG_WARN_OBJC_IMPLICIT_RETAIN_SELF = YES;
				CLANG_WARN_OBJC_LITERAL_CONVERSION = YES;
				CLANG_WARN_OBJC_ROOT_CLASS = YES_ERROR;
				CLANG_WARN_QUOTED_INCLUDE_IN_FRAMEWORK_HEADER = YES;
				CLANG_WARN_RANGE_LOOP_ANALYSIS = YES;
				CLANG_WARN_STRICT_PROTOTYPES = YES;
				CLANG_WARN_SUSPICIOUS_MOVE = YES;
				CLANG_WARN_UNGUARDED_AVAILABILITY = YES_AGGRESSIVE;
				CLANG_WARN_UNREACHABLE_CODE = YES;
				CLANG_WARN__DUPLICATE_METHOD_MATCH = YES;
				COPY_PHASE_STRIP = NO;
				DEBUG_INFORMATION_FORMAT = dwarf;
				ENABLE_STRICT_OBJC_MSGSEND = YES;
				ENABLE_TESTABILITY = YES;
				GCC_C_LANGUAGE_STANDARD = gnu11;
				GCC_DYNAMIC_NO_PIC = NO;
				GCC_NO_COMMON_BLOCKS = YES;
				GCC_OPTIMIZATION_LEVEL = 0;
				GCC_PREPROCESSOR_DEFINITIONS = (
					"DEBUG=1",
					"$(inherited)",
				);
				GCC_WARN_64_TO_32_BIT_CONVERSION = YES;
				GCC_WARN_ABOUT_RETURN_TYPE = YES_ERROR;
				GCC_WARN_UNDECLARED_SELECTOR = YES;
				GCC_WARN_UNINITIALIZED_AUTOS = YES_AGGRESSIVE;
				GCC_WARN_UNUSED_FUNCTION = YES;
				GCC_WARN_UNUSED_VARIABLE = YES;
				MACOSX_DEPLOYMENT_TARGET = 10.15;
				MTL_ENABLE_DEBUG_INFO = INCLUDE_SOURCE;
				MTL_FAST_MATH = YES;
				ONLY_ACTIVE_ARCH = YES;
				SDKROOT = macosx;
				SWIFT_ACTIVE_COMPILATION_CONDITIONS = DEBUG;
				SWIFT_OPTIMIZATION_LEVEL = "-Onone";
			};
			name = Debug;
		};
		8914D768256684C0008FA81A /* Release */ = {
			isa = XCBuildConfiguration;
			buildSettings = {
				ALWAYS_SEARCH_USER_PATHS = NO;
				CLANG_ANALYZER_NONNULL = YES;
				CLANG_ANALYZER_NUMBER_OBJECT_CONVERSION = YES_AGGRESSIVE;
				CLANG_CXX_LANGUAGE_STANDARD = "gnu++14";
				CLANG_CXX_LIBRARY = "libc++";
				CLANG_ENABLE_MODULES = YES;
				CLANG_ENABLE_OBJC_ARC = YES;
				CLANG_ENABLE_OBJC_WEAK = YES;
				CLANG_WARN_BLOCK_CAPTURE_AUTORELEASING = YES;
				CLANG_WARN_BOOL_CONVERSION = YES;
				CLANG_WARN_COMMA = YES;
				CLANG_WARN_CONSTANT_CONVERSION = YES;
				CLANG_WARN_DEPRECATED_OBJC_IMPLEMENTATIONS = YES;
				CLANG_WARN_DIRECT_OBJC_ISA_USAGE = YES_ERROR;
				CLANG_WARN_DOCUMENTATION_COMMENTS = YES;
				CLANG_WARN_EMPTY_BODY = YES;
				CLANG_WARN_ENUM_CONVERSION = YES;
				CLANG_WARN_INFINITE_RECURSION = YES;
				CLANG_WARN_INT_CONVERSION = YES;
				CLANG_WARN_NON_LITERAL_NULL_CONVERSION = YES;
				CLANG_WARN_OBJC_IMPLICIT_RETAIN_SELF = YES;
				CLANG_WARN_OBJC_LITERAL_CONVERSION = YES;
				CLANG_WARN_OBJC_ROOT_CLASS = YES_ERROR;
				CLANG_WARN_QUOTED_INCLUDE_IN_FRAMEWORK_HEADER = YES;
				CLANG_WARN_RANGE_LOOP_ANALYSIS = YES;
				CLANG_WARN_STRICT_PROTOTYPES = YES;
				CLANG_WARN_SUSPICIOUS_MOVE = YES;
				CLANG_WARN_UNGUARDED_AVAILABILITY = YES_AGGRESSIVE;
				CLANG_WARN_UNREACHABLE_CODE = YES;
				CLANG_WARN__DUPLICATE_METHOD_MATCH = YES;
				COPY_PHASE_STRIP = NO;
				DEBUG_INFORMATION_FORMAT = "dwarf-with-dsym";
				ENABLE_NS_ASSERTIONS = NO;
				ENABLE_STRICT_OBJC_MSGSEND = YES;
				GCC_C_LANGUAGE_STANDARD = gnu11;
				GCC_NO_COMMON_BLOCKS = YES;
				GCC_WARN_64_TO_32_BIT_CONVERSION = YES;
				GCC_WARN_ABOUT_RETURN_TYPE = YES_ERROR;
				GCC_WARN_UNDECLARED_SELECTOR = YES;
				GCC_WARN_UNINITIALIZED_AUTOS = YES_AGGRESSIVE;
				GCC_WARN_UNUSED_FUNCTION = YES;
				GCC_WARN_UNUSED_VARIABLE = YES;
				MACOSX_DEPLOYMENT_TARGET = 10.15;
				MTL_ENABLE_DEBUG_INFO = NO;
				MTL_FAST_MATH = YES;
				SDKROOT = macosx;
				SWIFT_COMPILATION_MODE = wholemodule;
				SWIFT_OPTIMIZATION_LEVEL = "-O";
			};
			name = Release;
		};
		8914D76A256684C0008FA81A /* Debug */ = {
			isa = XCBuildConfiguration;
			buildSettings = {
				CODE_SIGN_STYLE = Automatic;
				PRODUCT_NAME = "$(TARGET_NAME)";
				SWIFT_VERSION = 5.0;
			};
			name = Debug;
		};
		8914D76B256684C0008FA81A /* Release */ = {
			isa = XCBuildConfiguration;
			buildSettings = {
				CODE_SIGN_STYLE = Automatic;
				PRODUCT_NAME = "$(TARGET_NAME)";
				SWIFT_VERSION = 5.0;
			};
			name = Release;
		};
/* End XCBuildConfiguration section */

/* Begin XCConfigurationList section */
		8914D75D256684C0008FA81A /* Build configuration list for PBXProject "Projet P3" */ = {
			isa = XCConfigurationList;
			buildConfigurations = (
				8914D767256684C0008FA81A /* Debug */,
				8914D768256684C0008FA81A /* Release */,
			);
			defaultConfigurationIsVisible = 0;
			defaultConfigurationName = Release;
		};
		8914D769256684C0008FA81A /* Build configuration list for PBXNativeTarget "Projet P3" */ = {
			isa = XCConfigurationList;
			buildConfigurations = (
				8914D76A256684C0008FA81A /* Debug */,
				8914D76B256684C0008FA81A /* Release */,
			);
			defaultConfigurationIsVisible = 0;
			defaultConfigurationName = Release;
		};
/* End XCConfigurationList section */
	};
	rootObject = 8914D75A256684C0008FA81A /* Project object */;
}
