// !$*UTF8*$!
{
	archiveVersion = 1;
	classes = {
	};
	objectVersion = 50;
	objects = {

/* Begin PBXBuildFile section */
		8902BA5D256A887100F9B636 /* Sora.swift in Sources */ = {isa = PBXBuildFile; fileRef = 8902BA5C256A887100F9B636 /* Sora.swift */; };
		8902BA60256A888400F9B636 /* Donald.swift in Sources */ = {isa = PBXBuildFile; fileRef = 8902BA5F256A888400F9B636 /* Donald.swift */; };
		8902BA63256A888F00F9B636 /* Dingo.swift in Sources */ = {isa = PBXBuildFile; fileRef = 8902BA62256A888F00F9B636 /* Dingo.swift */; };
		8902BA67256A8BFF00F9B636 /* Ultima.swift in Sources */ = {isa = PBXBuildFile; fileRef = 8902BA66256A8BFF00F9B636 /* Ultima.swift */; };
		8902BA6A256A8CE100F9B636 /* Royal Wand.swift in Sources */ = {isa = PBXBuildFile; fileRef = 8902BA69256A8CE100F9B636 /* Royal Wand.swift */; };
		8902BA6D256A8D4A00F9B636 /* Royal Shield.swift in Sources */ = {isa = PBXBuildFile; fileRef = 8902BA6C256A8D4A00F9B636 /* Royal Shield.swift */; };
		8902BA70256A8FC300F9B636 /* Xehanort.swift in Sources */ = {isa = PBXBuildFile; fileRef = 8902BA6F256A8FC300F9B636 /* Xehanort.swift */; };
		8902BA73256A917900F9B636 /* Scrutatrice.swift in Sources */ = {isa = PBXBuildFile; fileRef = 8902BA72256A917900F9B636 /* Scrutatrice.swift */; };
		8902BA77256A91EA00F9B636 /* Nescient.swift in Sources */ = {isa = PBXBuildFile; fileRef = 8902BA76256A91EA00F9B636 /* Nescient.swift */; };
		8902BA7A256A92DE00F9B636 /* Claw.swift in Sources */ = {isa = PBXBuildFile; fileRef = 8902BA79256A92DE00F9B636 /* Claw.swift */; };
		8914D766256684C0008FA81A /* main.swift in Sources */ = {isa = PBXBuildFile; fileRef = 8914D765256684C0008FA81A /* main.swift */; };
		8914D76E2566871A008FA81A /* Character.swift in Sources */ = {isa = PBXBuildFile; fileRef = 8914D76D2566871A008FA81A /* Character.swift */; };
		8914D77525668EF0008FA81A /* Weapon.swift in Sources */ = {isa = PBXBuildFile; fileRef = 8914D77425668EF0008FA81A /* Weapon.swift */; };
		891B37F9256BF77A0057AB7E /* Side.swift in Sources */ = {isa = PBXBuildFile; fileRef = 891B37F8256BF77A0057AB7E /* Side.swift */; };
		891F464B256E8B1B000A6A1E /* Xehanort's Turn.swift in Sources */ = {isa = PBXBuildFile; fileRef = 891F464A256E8B1B000A6A1E /* Xehanort's Turn.swift */; };
		891F464E256E8B3B000A6A1E /* Nescient1's Turn.swift in Sources */ = {isa = PBXBuildFile; fileRef = 891F464D256E8B3B000A6A1E /* Nescient1's Turn.swift */; };
		891F4651256E8B4E000A6A1E /* Nescient2's Turn.swift in Sources */ = {isa = PBXBuildFile; fileRef = 891F4650256E8B4E000A6A1E /* Nescient2's Turn.swift */; };
		891F4654256EA348000A6A1E /* Entrance.swift in Sources */ = {isa = PBXBuildFile; fileRef = 891F4653256EA348000A6A1E /* Entrance.swift */; };
		891F4658256EAB90000A6A1E /* ScreenTitle.swift in Sources */ = {isa = PBXBuildFile; fileRef = 891F4657256EAB90000A6A1E /* ScreenTitle.swift */; };
		891F465B256EABF5000A6A1E /* SelectingMenu.swift in Sources */ = {isa = PBXBuildFile; fileRef = 891F465A256EABF5000A6A1E /* SelectingMenu.swift */; };
		891F465E256EAC94000A6A1E /* Game'sRules.swift in Sources */ = {isa = PBXBuildFile; fileRef = 891F465D256EAC94000A6A1E /* Game'sRules.swift */; };
		891F4662256EAE19000A6A1E /* PlayingMenu.swift in Sources */ = {isa = PBXBuildFile; fileRef = 891F4661256EAE19000A6A1E /* PlayingMenu.swift */; };
		891F4665256ECBA9000A6A1E /* Round.swift in Sources */ = {isa = PBXBuildFile; fileRef = 891F4664256ECBA9000A6A1E /* Round.swift */; };
		89933FAA256DC91000EAB3BA /* Sora's Turn.swift in Sources */ = {isa = PBXBuildFile; fileRef = 89933FA9256DC91000EAB3BA /* Sora's Turn.swift */; };
		89933FAE256DC98800EAB3BA /* Donald's Turn.swift in Sources */ = {isa = PBXBuildFile; fileRef = 89933FAD256DC98700EAB3BA /* Donald's Turn.swift */; };
		89933FB1256DCCAC00EAB3BA /* Dingo's Turn.swift in Sources */ = {isa = PBXBuildFile; fileRef = 89933FB0256DCCAC00EAB3BA /* Dingo's Turn.swift */; };
		89B332BD25673D7200681BDF /* Game.swift in Sources */ = {isa = PBXBuildFile; fileRef = 89B332BC25673D7200681BDF /* Game.swift */; };
		89B332C025673D8E00681BDF /* Player.swift in Sources */ = {isa = PBXBuildFile; fileRef = 89B332BF25673D8E00681BDF /* Player.swift */; };
		89FBC03D256AA7C600CA4097 /* Menu.swift in Sources */ = {isa = PBXBuildFile; fileRef = 89FBC03C256AA7C600CA4097 /* Menu.swift */; };
		89FBC041256B155A00CA4097 /* Coffre.swift in Sources */ = {isa = PBXBuildFile; fileRef = 89FBC040256B155A00CA4097 /* Coffre.swift */; };
/* End PBXBuildFile section */

/* Begin PBXCopyFilesBuildPhase section */
		8914D760256684C0008FA81A /* CopyFiles */ = {
			isa = PBXCopyFilesBuildPhase;
			buildActionMask = 2147483647;
			dstPath = /usr/share/man/man1/;
			dstSubfolderSpec = 0;
			files = (
			);
			runOnlyForDeploymentPostprocessing = 1;
		};
/* End PBXCopyFilesBuildPhase section */

/* Begin PBXFileReference section */
		8902BA5C256A887100F9B636 /* Sora.swift */ = {isa = PBXFileReference; lastKnownFileType = sourcecode.swift; path = Sora.swift; sourceTree = "<group>"; };
		8902BA5F256A888400F9B636 /* Donald.swift */ = {isa = PBXFileReference; lastKnownFileType = sourcecode.swift; path = Donald.swift; sourceTree = "<group>"; };
		8902BA62256A888F00F9B636 /* Dingo.swift */ = {isa = PBXFileReference; lastKnownFileType = sourcecode.swift; path = Dingo.swift; sourceTree = "<group>"; };
		8902BA66256A8BFF00F9B636 /* Ultima.swift */ = {isa = PBXFileReference; lastKnownFileType = sourcecode.swift; path = Ultima.swift; sourceTree = "<group>"; };
		8902BA69256A8CE100F9B636 /* Royal Wand.swift */ = {isa = PBXFileReference; lastKnownFileType = sourcecode.swift; path = "Royal Wand.swift"; sourceTree = "<group>"; };
		8902BA6C256A8D4A00F9B636 /* Royal Shield.swift */ = {isa = PBXFileReference; lastKnownFileType = sourcecode.swift; path = "Royal Shield.swift"; sourceTree = "<group>"; };
		8902BA6F256A8FC300F9B636 /* Xehanort.swift */ = {isa = PBXFileReference; lastKnownFileType = sourcecode.swift; path = Xehanort.swift; sourceTree = "<group>"; };
		8902BA72256A917900F9B636 /* Scrutatrice.swift */ = {isa = PBXFileReference; lastKnownFileType = sourcecode.swift; path = Scrutatrice.swift; sourceTree = "<group>"; };
		8902BA76256A91EA00F9B636 /* Nescient.swift */ = {isa = PBXFileReference; lastKnownFileType = sourcecode.swift; path = Nescient.swift; sourceTree = "<group>"; };
		8902BA79256A92DE00F9B636 /* Claw.swift */ = {isa = PBXFileReference; lastKnownFileType = sourcecode.swift; path = Claw.swift; sourceTree = "<group>"; };
		8914D762256684C0008FA81A /* Projet P3 */ = {isa = PBXFileReference; explicitFileType = "compiled.mach-o.executable"; includeInIndex = 0; path = "Projet P3"; sourceTree = BUILT_PRODUCTS_DIR; };
		8914D765256684C0008FA81A /* main.swift */ = {isa = PBXFileReference; lastKnownFileType = sourcecode.swift; path = main.swift; sourceTree = "<group>"; };
		8914D76D2566871A008FA81A /* Character.swift */ = {isa = PBXFileReference; lastKnownFileType = sourcecode.swift; path = Character.swift; sourceTree = "<group>"; };
		8914D77425668EF0008FA81A /* Weapon.swift */ = {isa = PBXFileReference; lastKnownFileType = sourcecode.swift; path = Weapon.swift; sourceTree = "<group>"; };
		891B37F8256BF77A0057AB7E /* Side.swift */ = {isa = PBXFileReference; lastKnownFileType = sourcecode.swift; path = Side.swift; sourceTree = "<group>"; };
		891F464A256E8B1B000A6A1E /* Xehanort's Turn.swift */ = {isa = PBXFileReference; lastKnownFileType = sourcecode.swift; path = "Xehanort's Turn.swift"; sourceTree = "<group>"; };
		891F464D256E8B3B000A6A1E /* Nescient1's Turn.swift */ = {isa = PBXFileReference; lastKnownFileType = sourcecode.swift; path = "Nescient1's Turn.swift"; sourceTree = "<group>"; };
		891F4650256E8B4E000A6A1E /* Nescient2's Turn.swift */ = {isa = PBXFileReference; lastKnownFileType = sourcecode.swift; path = "Nescient2's Turn.swift"; sourceTree = "<group>"; };
		891F4653256EA348000A6A1E /* Entrance.swift */ = {isa = PBXFileReference; lastKnownFileType = sourcecode.swift; path = Entrance.swift; sourceTree = "<group>"; };
		891F4657256EAB90000A6A1E /* ScreenTitle.swift */ = {isa = PBXFileReference; lastKnownFileType = sourcecode.swift; path = ScreenTitle.swift; sourceTree = "<group>"; };
		891F465A256EABF5000A6A1E /* SelectingMenu.swift */ = {isa = PBXFileReference; lastKnownFileType = sourcecode.swift; path = SelectingMenu.swift; sourceTree = "<group>"; };
		891F465D256EAC94000A6A1E /* Game'sRules.swift */ = {isa = PBXFileReference; lastKnownFileType = sourcecode.swift; path = "Game'sRules.swift"; sourceTree = "<group>"; };
		891F4661256EAE19000A6A1E /* PlayingMenu.swift */ = {isa = PBXFileReference; lastKnownFileType = sourcecode.swift; path = PlayingMenu.swift; sourceTree = "<group>"; };
		891F4664256ECBA9000A6A1E /* Round.swift */ = {isa = PBXFileReference; lastKnownFileType = sourcecode.swift; path = Round.swift; sourceTree = "<group>"; };
		89933FA9256DC91000EAB3BA /* Sora's Turn.swift */ = {isa = PBXFileReference; lastKnownFileType = sourcecode.swift; path = "Sora's Turn.swift"; sourceTree = "<group>"; };
		89933FAD256DC98700EAB3BA /* Donald's Turn.swift */ = {isa = PBXFileReference; lastKnownFileType = sourcecode.swift; path = "Donald's Turn.swift"; sourceTree = "<group>"; };
		89933FB0256DCCAC00EAB3BA /* Dingo's Turn.swift */ = {isa = PBXFileReference; lastKnownFileType = sourcecode.swift; path = "Dingo's Turn.swift"; sourceTree = "<group>"; };
		89B332BC25673D7200681BDF /* Game.swift */ = {isa = PBXFileReference; lastKnownFileType = sourcecode.swift; path = Game.swift; sourceTree = "<group>"; xcLanguageSpecificationIdentifier = xcode.lang.swift; };
		89B332BF25673D8E00681BDF /* Player.swift */ = {isa = PBXFileReference; lastKnownFileType = sourcecode.swift; path = Player.swift; sourceTree = "<group>"; };
		89FBC03C256AA7C600CA4097 /* Menu.swift */ = {isa = PBXFileReference; lastKnownFileType = sourcecode.swift; path = Menu.swift; sourceTree = "<group>"; };
		89FBC040256B155A00CA4097 /* Coffre.swift */ = {isa = PBXFileReference; lastKnownFileType = sourcecode.swift; path = Coffre.swift; sourceTree = "<group>"; };
/* End PBXFileReference section */

/* Begin PBXFrameworksBuildPhase section */
		8914D75F256684C0008FA81A /* Frameworks */ = {
			isa = PBXFrameworksBuildPhase;
			buildActionMask = 2147483647;
			files = (
			);
			runOnlyForDeploymentPostprocessing = 0;
		};
/* End PBXFrameworksBuildPhase section */

/* Begin PBXGroup section */
		8902BA59256A87D100F9B636 /* Weapons */ = {
			isa = PBXGroup;
			children = (
				8914D77425668EF0008FA81A /* Weapon.swift */,
				8902BA66256A8BFF00F9B636 /* Ultima.swift */,
				8902BA69256A8CE100F9B636 /* Royal Wand.swift */,
				8902BA6C256A8D4A00F9B636 /* Royal Shield.swift */,
				8902BA72256A917900F9B636 /* Scrutatrice.swift */,
				8902BA79256A92DE00F9B636 /* Claw.swift */,
			);
			path = Weapons;
			sourceTree = "<group>";
		};
		8902BA5A256A87E000F9B636 /* Characters */ = {
			isa = PBXGroup;
			children = (
				8914D76D2566871A008FA81A /* Character.swift */,
				8902BA5C256A887100F9B636 /* Sora.swift */,
				8902BA5F256A888400F9B636 /* Donald.swift */,
				8902BA62256A888F00F9B636 /* Dingo.swift */,
				8902BA6F256A8FC300F9B636 /* Xehanort.swift */,
				8902BA76256A91EA00F9B636 /* Nescient.swift */,
			);
			path = Characters;
			sourceTree = "<group>";
		};
		8914D759256684C0008FA81A = {
			isa = PBXGroup;
			children = (
				8914D764256684C0008FA81A /* Projet P3 */,
			);
			sourceTree = "<group>";
		};
		8914D763256684C0008FA81A /* Products */ = {
			isa = PBXGroup;
			children = (
				8914D762256684C0008FA81A /* Projet P3 */,
			);
			name = Products;
			path = ..;
			sourceTree = "<group>";
		};
		8914D764256684C0008FA81A /* Projet P3 */ = {
			isa = PBXGroup;
			children = (
				8914D765256684C0008FA81A /* main.swift */,
				891B37F8256BF77A0057AB7E /* Side.swift */,
				89B332BF25673D8E00681BDF /* Player.swift */,
				89FBC040256B155A00CA4097 /* Coffre.swift */,
				891F4656256EA46B000A6A1E /* Menu */,
				89933FA8256DC80300EAB3BA /* Game */,
				8902BA5A256A87E000F9B636 /* Characters */,
				8902BA59256A87D100F9B636 /* Weapons */,
				8914D763256684C0008FA81A /* Products */,
			);
			path = "Projet P3";
			sourceTree = "<group>";
		};
		891F4656256EA46B000A6A1E /* Menu */ = {
			isa = PBXGroup;
			children = (
				89FBC03C256AA7C600CA4097 /* Menu.swift */,
				891F4653256EA348000A6A1E /* Entrance.swift */,
				891F4657256EAB90000A6A1E /* ScreenTitle.swift */,
				891F465A256EABF5000A6A1E /* SelectingMenu.swift */,
				891F465D256EAC94000A6A1E /* Game'sRules.swift */,
				891F4661256EAE19000A6A1E /* PlayingMenu.swift */,
			);
			path = Menu;
			sourceTree = "<group>";
		};
		89933FA8256DC80300EAB3BA /* Game */ = {
			isa = PBXGroup;
			children = (
				89B332BC25673D7200681BDF /* Game.swift */,
				891F4664256ECBA9000A6A1E /* Round.swift */,
				89933FA9256DC91000EAB3BA /* Sora's Turn.swift */,
				89933FAD256DC98700EAB3BA /* Donald's Turn.swift */,
				89933FB0256DCCAC00EAB3BA /* Dingo's Turn.swift */,
				891F464A256E8B1B000A6A1E /* Xehanort's Turn.swift */,
				891F464D256E8B3B000A6A1E /* Nescient1's Turn.swift */,
				891F4650256E8B4E000A6A1E /* Nescient2's Turn.swift */,
			);
			path = Game;
			sourceTree = "<group>";
		};
/* End PBXGroup section */

/* Begin PBXNativeTarget section */
		8914D761256684C0008FA81A /* Projet P3 */ = {
			isa = PBXNativeTarget;
			buildConfigurationList = 8914D769256684C0008FA81A /* Build configuration list for PBXNativeTarget "Projet P3" */;
			buildPhases = (
				8914D75E256684C0008FA81A /* Sources */,
				8914D75F256684C0008FA81A /* Frameworks */,
				8914D760256684C0008FA81A /* CopyFiles */,
			);
			buildRules = (
			);
			dependencies = (
			);
			name = "Projet P3";
			productName = "Projet P3";
			productReference = 8914D762256684C0008FA81A /* Projet P3 */;
			productType = "com.apple.product-type.tool";
		};
/* End PBXNativeTarget section */

/* Begin PBXProject section */
		8914D75A256684C0008FA81A /* Project object */ = {
			isa = PBXProject;
			attributes = {
				LastSwiftUpdateCheck = 1210;
				LastUpgradeCheck = 1210;
				TargetAttributes = {
					8914D761256684C0008FA81A = {
						CreatedOnToolsVersion = 12.1;
					};
				};
			};
			buildConfigurationList = 8914D75D256684C0008FA81A /* Build configuration list for PBXProject "Projet P3" */;
			compatibilityVersion = "Xcode 9.3";
			developmentRegion = en;
			hasScannedForEncodings = 0;
			knownRegions = (
				en,
				Base,
			);
			mainGroup = 8914D759256684C0008FA81A;
			productRefGroup = 8914D763256684C0008FA81A /* Products */;
			projectDirPath = "";
			projectRoot = "";
			targets = (
				8914D761256684C0008FA81A /* Projet P3 */,
			);
		};
/* End PBXProject section */

/* Begin PBXSourcesBuildPhase section */
		8914D75E256684C0008FA81A /* Sources */ = {
			isa = PBXSourcesBuildPhase;
			buildActionMask = 2147483647;
			files = (
				89933FAA256DC91000EAB3BA /* Sora's Turn.swift in Sources */,
				8914D766256684C0008FA81A /* main.swift in Sources */,
				89933FB1256DCCAC00EAB3BA /* Dingo's Turn.swift in Sources */,
				8902BA6A256A8CE100F9B636 /* Royal Wand.swift in Sources */,
				89933FAE256DC98800EAB3BA /* Donald's Turn.swift in Sources */,
				891B37F9256BF77A0057AB7E /* Side.swift in Sources */,
				8902BA63256A888F00F9B636 /* Dingo.swift in Sources */,
				8902BA60256A888400F9B636 /* Donald.swift in Sources */,
				891F464B256E8B1B000A6A1E /* Xehanort's Turn.swift in Sources */,
				891F4654256EA348000A6A1E /* Entrance.swift in Sources */,
				8902BA67256A8BFF00F9B636 /* Ultima.swift in Sources */,
				89B332BD25673D7200681BDF /* Game.swift in Sources */,
				8914D76E2566871A008FA81A /* Character.swift in Sources */,
				891F4662256EAE19000A6A1E /* PlayingMenu.swift in Sources */,
				8914D77525668EF0008FA81A /* Weapon.swift in Sources */,
				89FBC041256B155A00CA4097 /* Coffre.swift in Sources */,
				891F465E256EAC94000A6A1E /* Game'sRules.swift in Sources */,
				89B332C025673D8E00681BDF /* Player.swift in Sources */,
				891F4651256E8B4E000A6A1E /* Nescient2's Turn.swift in Sources */,
				8902BA6D256A8D4A00F9B636 /* Royal Shield.swift in Sources */,
				89FBC03D256AA7C600CA4097 /* Menu.swift in Sources */,
				891F4658256EAB90000A6A1E /* ScreenTitle.swift in Sources */,
				8902BA5D256A887100F9B636 /* Sora.swift in Sources */,
				8902BA7A256A92DE00F9B636 /* Claw.swift in Sources */,
				8902BA70256A8FC300F9B636 /* Xehanort.swift in Sources */,
				8902BA77256A91EA00F9B636 /* Nescient.swift in Sources */,
				891F464E256E8B3B000A6A1E /* Nescient1's Turn.swift in Sources */,
				891F465B256EABF5000A6A1E /* SelectingMenu.swift in Sources */,
				891F4665256ECBA9000A6A1E /* Round.swift in Sources */,
				8902BA73256A917900F9B636 /* Scrutatrice.swift in Sources */,
			);
			runOnlyForDeploymentPostprocessing = 0;
		};
/* End PBXSourcesBuildPhase section */

/* Begin XCBuildConfiguration section */
		8914D767256684C0008FA81A /* Debug */ = {
			isa = XCBuildConfiguration;
			buildSettings = {
				ALWAYS_SEARCH_USER_PATHS = NO;
				CLANG_ANALYZER_NONNULL = YES;
				CLANG_ANALYZER_NUMBER_OBJECT_CONVERSION = YES_AGGRESSIVE;
				CLANG_CXX_LANGUAGE_STANDARD = "gnu++14";
				CLANG_CXX_LIBRARY = "libc++";
				CLANG_ENABLE_MODULES = YES;
				CLANG_ENABLE_OBJC_ARC = YES;
				CLANG_ENABLE_OBJC_WEAK = YES;
				CLANG_WARN_BLOCK_CAPTURE_AUTORELEASING = YES;
				CLANG_WARN_BOOL_CONVERSION = YES;
				CLANG_WARN_COMMA = YES;
				CLANG_WARN_CONSTANT_CONVERSION = YES;
				CLANG_WARN_DEPRECATED_OBJC_IMPLEMENTATIONS = YES;
				CLANG_WARN_DIRECT_OBJC_ISA_USAGE = YES_ERROR;
				CLANG_WARN_DOCUMENTATION_COMMENTS = YES;
				CLANG_WARN_EMPTY_BODY = YES;
				CLANG_WARN_ENUM_CONVERSION = YES;
				CLANG_WARN_INFINITE_RECURSION = YES;
				CLANG_WARN_INT_CONVERSION = YES;
				CLANG_WARN_NON_LITERAL_NULL_CONVERSION = YES;
				CLANG_WARN_OBJC_IMPLICIT_RETAIN_SELF = YES;
				CLANG_WARN_OBJC_LITERAL_CONVERSION = YES;
				CLANG_WARN_OBJC_ROOT_CLASS = YES_ERROR;
				CLANG_WARN_QUOTED_INCLUDE_IN_FRAMEWORK_HEADER = YES;
				CLANG_WARN_RANGE_LOOP_ANALYSIS = YES;
				CLANG_WARN_STRICT_PROTOTYPES = YES;
				CLANG_WARN_SUSPICIOUS_MOVE = YES;
				CLANG_WARN_UNGUARDED_AVAILABILITY = YES_AGGRESSIVE;
				CLANG_WARN_UNREACHABLE_CODE = YES;
				CLANG_WARN__DUPLICATE_METHOD_MATCH = YES;
				COPY_PHASE_STRIP = NO;
				DEBUG_INFORMATION_FORMAT = dwarf;
				ENABLE_STRICT_OBJC_MSGSEND = YES;
				ENABLE_TESTABILITY = YES;
				GCC_C_LANGUAGE_STANDARD = gnu11;
				GCC_DYNAMIC_NO_PIC = NO;
				GCC_NO_COMMON_BLOCKS = YES;
				GCC_OPTIMIZATION_LEVEL = 0;
				GCC_PREPROCESSOR_DEFINITIONS = (
					"DEBUG=1",
					"$(inherited)",
				);
				GCC_WARN_64_TO_32_BIT_CONVERSION = YES;
				GCC_WARN_ABOUT_RETURN_TYPE = YES_ERROR;
				GCC_WARN_UNDECLARED_SELECTOR = YES;
				GCC_WARN_UNINITIALIZED_AUTOS = YES_AGGRESSIVE;
				GCC_WARN_UNUSED_FUNCTION = YES;
				GCC_WARN_UNUSED_VARIABLE = YES;
				MACOSX_DEPLOYMENT_TARGET = 10.15;
				MTL_ENABLE_DEBUG_INFO = INCLUDE_SOURCE;
				MTL_FAST_MATH = YES;
				ONLY_ACTIVE_ARCH = YES;
				SDKROOT = macosx;
				SWIFT_ACTIVE_COMPILATION_CONDITIONS = DEBUG;
				SWIFT_OPTIMIZATION_LEVEL = "-Onone";
			};
			name = Debug;
		};
		8914D768256684C0008FA81A /* Release */ = {
			isa = XCBuildConfiguration;
			buildSettings = {
				ALWAYS_SEARCH_USER_PATHS = NO;
				CLANG_ANALYZER_NONNULL = YES;
				CLANG_ANALYZER_NUMBER_OBJECT_CONVERSION = YES_AGGRESSIVE;
				CLANG_CXX_LANGUAGE_STANDARD = "gnu++14";
				CLANG_CXX_LIBRARY = "libc++";
				CLANG_ENABLE_MODULES = YES;
				CLANG_ENABLE_OBJC_ARC = YES;
				CLANG_ENABLE_OBJC_WEAK = YES;
				CLANG_WARN_BLOCK_CAPTURE_AUTORELEASING = YES;
				CLANG_WARN_BOOL_CONVERSION = YES;
				CLANG_WARN_COMMA = YES;
				CLANG_WARN_CONSTANT_CONVERSION = YES;
				CLANG_WARN_DEPRECATED_OBJC_IMPLEMENTATIONS = YES;
				CLANG_WARN_DIRECT_OBJC_ISA_USAGE = YES_ERROR;
				CLANG_WARN_DOCUMENTATION_COMMENTS = YES;
				CLANG_WARN_EMPTY_BODY = YES;
				CLANG_WARN_ENUM_CONVERSION = YES;
				CLANG_WARN_INFINITE_RECURSION = YES;
				CLANG_WARN_INT_CONVERSION = YES;
				CLANG_WARN_NON_LITERAL_NULL_CONVERSION = YES;
				CLANG_WARN_OBJC_IMPLICIT_RETAIN_SELF = YES;
				CLANG_WARN_OBJC_LITERAL_CONVERSION = YES;
				CLANG_WARN_OBJC_ROOT_CLASS = YES_ERROR;
				CLANG_WARN_QUOTED_INCLUDE_IN_FRAMEWORK_HEADER = YES;
				CLANG_WARN_RANGE_LOOP_ANALYSIS = YES;
				CLANG_WARN_STRICT_PROTOTYPES = YES;
				CLANG_WARN_SUSPICIOUS_MOVE = YES;
				CLANG_WARN_UNGUARDED_AVAILABILITY = YES_AGGRESSIVE;
				CLANG_WARN_UNREACHABLE_CODE = YES;
				CLANG_WARN__DUPLICATE_METHOD_MATCH = YES;
				COPY_PHASE_STRIP = NO;
				DEBUG_INFORMATION_FORMAT = "dwarf-with-dsym";
				ENABLE_NS_ASSERTIONS = NO;
				ENABLE_STRICT_OBJC_MSGSEND = YES;
				GCC_C_LANGUAGE_STANDARD = gnu11;
				GCC_NO_COMMON_BLOCKS = YES;
				GCC_WARN_64_TO_32_BIT_CONVERSION = YES;
				GCC_WARN_ABOUT_RETURN_TYPE = YES_ERROR;
				GCC_WARN_UNDECLARED_SELECTOR = YES;
				GCC_WARN_UNINITIALIZED_AUTOS = YES_AGGRESSIVE;
				GCC_WARN_UNUSED_FUNCTION = YES;
				GCC_WARN_UNUSED_VARIABLE = YES;
				MACOSX_DEPLOYMENT_TARGET = 10.15;
				MTL_ENABLE_DEBUG_INFO = NO;
				MTL_FAST_MATH = YES;
				SDKROOT = macosx;
				SWIFT_COMPILATION_MODE = wholemodule;
				SWIFT_OPTIMIZATION_LEVEL = "-O";
			};
			name = Release;
		};
		8914D76A256684C0008FA81A /* Debug */ = {
			isa = XCBuildConfiguration;
			buildSettings = {
				CODE_SIGN_STYLE = Automatic;
				PRODUCT_NAME = "$(TARGET_NAME)";
				SWIFT_VERSION = 5.0;
			};
			name = Debug;
		};
		8914D76B256684C0008FA81A /* Release */ = {
			isa = XCBuildConfiguration;
			buildSettings = {
				CODE_SIGN_STYLE = Automatic;
				PRODUCT_NAME = "$(TARGET_NAME)";
				SWIFT_VERSION = 5.0;
			};
			name = Release;
		};
/* End XCBuildConfiguration section */

/* Begin XCConfigurationList section */
		8914D75D256684C0008FA81A /* Build configuration list for PBXProject "Projet P3" */ = {
			isa = XCConfigurationList;
			buildConfigurations = (
				8914D767256684C0008FA81A /* Debug */,
				8914D768256684C0008FA81A /* Release */,
			);
			defaultConfigurationIsVisible = 0;
			defaultConfigurationName = Release;
		};
		8914D769256684C0008FA81A /* Build configuration list for PBXNativeTarget "Projet P3" */ = {
			isa = XCConfigurationList;
			buildConfigurations = (
				8914D76A256684C0008FA81A /* Debug */,
				8914D76B256684C0008FA81A /* Release */,
			);
			defaultConfigurationIsVisible = 0;
			defaultConfigurationName = Release;
		};
/* End XCConfigurationList section */
	};
	rootObject = 8914D75A256684C0008FA81A /* Project object */;
}
